
Microsoft Visual Studio Solution File, Format Version 12.00
# Visual Studio Express 2013 for Web
VisualStudioVersion = 12.0.21005.1
MinimumVisualStudioVersion = 10.0.40219.1
Project("{FAE04EC0-301F-11D3-BF4B-00C04F79EFBC}") = "chinook", "chinook\chinook.csproj", "{D6E7F362-AE70-485E-8896-C0482AB050FC}"
EndProject
Project("{FAE04EC0-301F-11D3-BF4B-00C04F79EFBC}") = "chinook.Tests", "chinook.Tests\chinook.Tests.csproj", "{A417C8B9-8D18-4AD4-9515-39F86DB3A6B1}"
EndProject
Global
	GlobalSection(SolutionConfigurationPlatforms) = preSolution
		Debug|Any CPU = Debug|Any CPU
		Release|Any CPU = Release|Any CPU
	EndGlobalSection
	GlobalSection(ProjectConfigurationPlatforms) = postSolution
		{D6E7F362-AE70-485E-8896-C0482AB050FC}.Debug|Any CPU.ActiveCfg = Debug|Any CPU
		{D6E7F362-AE70-485E-8896-C0482AB050FC}.Debug|Any CPU.Build.0 = Debug|Any CPU
		{D6E7F362-AE70-485E-8896-C0482AB050FC}.Release|Any CPU.ActiveCfg = Release|Any CPU
		{D6E7F362-AE70-485E-8896-C0482AB050FC}.Release|Any CPU.Build.0 = Release|Any CPU
		{A417C8B9-8D18-4AD4-9515-39F86DB3A6B1}.Debug|Any CPU.ActiveCfg = Debug|Any CPU
		{A417C8B9-8D18-4AD4-9515-39F86DB3A6B1}.Debug|Any CPU.Build.0 = Debug|Any CPU
		{A417C8B9-8D18-4AD4-9515-39F86DB3A6B1}.Release|Any CPU.ActiveCfg = Release|Any CPU
		{A417C8B9-8D18-4AD4-9515-39F86DB3A6B1}.Release|Any CPU.Build.0 = Release|Any CPU
	EndGlobalSection
	GlobalSection(SolutionProperties) = preSolution
		HideSolutionNode = FALSE
	EndGlobalSection
EndGlobal
